
Microsoft Visual Studio Solution File, Format Version 12.00
# Visual Studio Version 17
VisualStudioVersion = 17.4.33213.308
MinimumVisualStudioVersion = 10.0.40219.1
Project("{FAE04EC0-301F-11D3-BF4B-00C04F79EFBC}") = "Maailma", "Maailma\Maailma.csproj", "{5F38A2F0-A1FE-4F98-BA37-9FD4B60A72D3}"
EndProject
Global
	GlobalSection(SolutionConfigurationPlatforms) = preSolution
		Debug|Any CPU = Debug|Any CPU
		Release|Any CPU = Release|Any CPU
	EndGlobalSection
	GlobalSection(ProjectConfigurationPlatforms) = postSolution
		{5F38A2F0-A1FE-4F98-BA37-9FD4B60A72D3}.Debug|Any CPU.ActiveCfg = Debug|Any CPU
		{5F38A2F0-A1FE-4F98-BA37-9FD4B60A72D3}.Debug|Any CPU.Build.0 = Debug|Any CPU
		{5F38A2F0-A1FE-4F98-BA37-9FD4B60A72D3}.Release|Any CPU.ActiveCfg = Release|Any CPU
		{5F38A2F0-A1FE-4F98-BA37-9FD4B60A72D3}.Release|Any CPU.Build.0 = Release|Any CPU
	EndGlobalSection
	GlobalSection(SolutionProperties) = preSolution
		HideSolutionNode = FALSE
	EndGlobalSection
	GlobalSection(ExtensibilityGlobals) = postSolution
		SolutionGuid = {F05201D4-8E75-45EF-ABA6-264C0DE56921}
	EndGlobalSection
EndGlobal
