
Microsoft Visual Studio Solution File, Format Version 12.00
# Visual Studio Version 17
VisualStudioVersion = 17.4.33213.308
MinimumVisualStudioVersion = 10.0.40219.1
Project("{FAE04EC0-301F-11D3-BF4B-00C04F79EFBC}") = "Harj_2", "Harj_2\Harj_2.csproj", "{08856275-5F6A-4D31-A547-BA9FCF783184}"
EndProject
Global
	GlobalSection(SolutionConfigurationPlatforms) = preSolution
		Debug|Any CPU = Debug|Any CPU
		Release|Any CPU = Release|Any CPU
	EndGlobalSection
	GlobalSection(ProjectConfigurationPlatforms) = postSolution
		{08856275-5F6A-4D31-A547-BA9FCF783184}.Debug|Any CPU.ActiveCfg = Debug|Any CPU
		{08856275-5F6A-4D31-A547-BA9FCF783184}.Debug|Any CPU.Build.0 = Debug|Any CPU
		{08856275-5F6A-4D31-A547-BA9FCF783184}.Release|Any CPU.ActiveCfg = Release|Any CPU
		{08856275-5F6A-4D31-A547-BA9FCF783184}.Release|Any CPU.Build.0 = Release|Any CPU
	EndGlobalSection
	GlobalSection(SolutionProperties) = preSolution
		HideSolutionNode = FALSE
	EndGlobalSection
	GlobalSection(ExtensibilityGlobals) = postSolution
		SolutionGuid = {CFA9FFEC-1C61-4F32-B588-EAE7E43A8A2F}
	EndGlobalSection
EndGlobal
