
Microsoft Visual Studio Solution File, Format Version 12.00
# Visual Studio Version 17
VisualStudioVersion = 17.4.33213.308
MinimumVisualStudioVersion = 10.0.40219.1
Project("{FAE04EC0-301F-11D3-BF4B-00C04F79EFBC}") = "Harj_7", "Harj_7\Harj_7.csproj", "{3020FC04-C090-4DFA-B40C-798DD8BF24B2}"
EndProject
Global
	GlobalSection(SolutionConfigurationPlatforms) = preSolution
		Debug|Any CPU = Debug|Any CPU
		Release|Any CPU = Release|Any CPU
	EndGlobalSection
	GlobalSection(ProjectConfigurationPlatforms) = postSolution
		{3020FC04-C090-4DFA-B40C-798DD8BF24B2}.Debug|Any CPU.ActiveCfg = Debug|Any CPU
		{3020FC04-C090-4DFA-B40C-798DD8BF24B2}.Debug|Any CPU.Build.0 = Debug|Any CPU
		{3020FC04-C090-4DFA-B40C-798DD8BF24B2}.Release|Any CPU.ActiveCfg = Release|Any CPU
		{3020FC04-C090-4DFA-B40C-798DD8BF24B2}.Release|Any CPU.Build.0 = Release|Any CPU
	EndGlobalSection
	GlobalSection(SolutionProperties) = preSolution
		HideSolutionNode = FALSE
	EndGlobalSection
	GlobalSection(ExtensibilityGlobals) = postSolution
		SolutionGuid = {A430829B-2904-4E5D-9D4E-EA9E02D41FB8}
	EndGlobalSection
EndGlobal
