
Microsoft Visual Studio Solution File, Format Version 12.00
# Visual Studio Version 17
VisualStudioVersion = 17.4.33213.308
MinimumVisualStudioVersion = 10.0.40219.1
Project("{FAE04EC0-301F-11D3-BF4B-00C04F79EFBC}") = "Harj_19", "Harj_19\Harj_19.csproj", "{7FCA0D28-060E-43FE-B2DA-3F45A19D7859}"
EndProject
Global
	GlobalSection(SolutionConfigurationPlatforms) = preSolution
		Debug|Any CPU = Debug|Any CPU
		Release|Any CPU = Release|Any CPU
	EndGlobalSection
	GlobalSection(ProjectConfigurationPlatforms) = postSolution
		{7FCA0D28-060E-43FE-B2DA-3F45A19D7859}.Debug|Any CPU.ActiveCfg = Debug|Any CPU
		{7FCA0D28-060E-43FE-B2DA-3F45A19D7859}.Debug|Any CPU.Build.0 = Debug|Any CPU
		{7FCA0D28-060E-43FE-B2DA-3F45A19D7859}.Release|Any CPU.ActiveCfg = Release|Any CPU
		{7FCA0D28-060E-43FE-B2DA-3F45A19D7859}.Release|Any CPU.Build.0 = Release|Any CPU
	EndGlobalSection
	GlobalSection(SolutionProperties) = preSolution
		HideSolutionNode = FALSE
	EndGlobalSection
	GlobalSection(ExtensibilityGlobals) = postSolution
		SolutionGuid = {53FA3651-326E-417A-8529-AA7383C00253}
	EndGlobalSection
EndGlobal
