
Microsoft Visual Studio Solution File, Format Version 12.00
# Visual Studio Version 17
VisualStudioVersion = 17.4.33213.308
MinimumVisualStudioVersion = 10.0.40219.1
Project("{FAE04EC0-301F-11D3-BF4B-00C04F79EFBC}") = "Harj_5", "Harj_5\Harj_5.csproj", "{6860DDC3-175E-406F-B72B-DEC8C2377BCC}"
EndProject
Global
	GlobalSection(SolutionConfigurationPlatforms) = preSolution
		Debug|Any CPU = Debug|Any CPU
		Release|Any CPU = Release|Any CPU
	EndGlobalSection
	GlobalSection(ProjectConfigurationPlatforms) = postSolution
		{6860DDC3-175E-406F-B72B-DEC8C2377BCC}.Debug|Any CPU.ActiveCfg = Debug|Any CPU
		{6860DDC3-175E-406F-B72B-DEC8C2377BCC}.Debug|Any CPU.Build.0 = Debug|Any CPU
		{6860DDC3-175E-406F-B72B-DEC8C2377BCC}.Release|Any CPU.ActiveCfg = Release|Any CPU
		{6860DDC3-175E-406F-B72B-DEC8C2377BCC}.Release|Any CPU.Build.0 = Release|Any CPU
	EndGlobalSection
	GlobalSection(SolutionProperties) = preSolution
		HideSolutionNode = FALSE
	EndGlobalSection
	GlobalSection(ExtensibilityGlobals) = postSolution
		SolutionGuid = {5FD3D4B2-6ACB-492B-ABDB-EE273B1C0BAC}
	EndGlobalSection
EndGlobal
